// !$*UTF8*$!
{
	archiveVersion = 1;
	classes = {
	};
	objectVersion = 46;
	objects = {

/* Begin PBXBuildFile section */
		3EA443AE1C15C3E60059A489 /* AppDelegate.swift in Sources */ = {isa = PBXBuildFile; fileRef = 3EA443AD1C15C3E60059A489 /* AppDelegate.swift */; };
		3EA443B01C15C3E60059A489 /* ViewController.swift in Sources */ = {isa = PBXBuildFile; fileRef = 3EA443AF1C15C3E60059A489 /* ViewController.swift */; };
		3EA443B31C15C3E60059A489 /* Main.storyboard in Resources */ = {isa = PBXBuildFile; fileRef = 3EA443B11C15C3E60059A489 /* Main.storyboard */; };
		3EA443B51C15C3E60059A489 /* Assets.xcassets in Resources */ = {isa = PBXBuildFile; fileRef = 3EA443B41C15C3E60059A489 /* Assets.xcassets */; };
		3EA443B81C15C3E60059A489 /* LaunchScreen.storyboard in Resources */ = {isa = PBXBuildFile; fileRef = 3EA443B61C15C3E60059A489 /* LaunchScreen.storyboard */; };
/* End PBXBuildFile section */

/* Begin PBXFileReference section */
		3EA443AA1C15C3E60059A489 /* UIStackViewSample.app */ = {isa = PBXFileReference; explicitFileType = wrapper.application; includeInIndex = 0; path = UIStackViewSample.app; sourceTree = BUILT_PRODUCTS_DIR; };
		3EA443AD1C15C3E60059A489 /* AppDelegate.swift */ = {isa = PBXFileReference; lastKnownFileType = sourcecode.swift; path = AppDelegate.swift; sourceTree = "<group>"; };
		3EA443AF1C15C3E60059A489 /* ViewController.swift */ = {isa = PBXFileReference; lastKnownFileType = sourcecode.swift; path = ViewController.swift; sourceTree = "<group>"; };
		3EA443B21C15C3E60059A489 /* Base */ = {isa = PBXFileReference; lastKnownFileType = file.storyboard; name = Base; path = Base.lproj/Main.storyboard; sourceTree = "<group>"; };
		3EA443B41C15C3E60059A489 /* Assets.xcassets */ = {isa = PBXFileReference; lastKnownFileType = folder.assetcatalog; path = Assets.xcassets; sourceTree = "<group>"; };
		3EA443B71C15C3E60059A489 /* Base */ = {isa = PBXFileReference; lastKnownFileType = file.storyboard; name = Base; path = Base.lproj/LaunchScreen.storyboard; sourceTree = "<group>"; };
		3EA443B91C15C3E60059A489 /* Info.plist */ = {isa = PBXFileReference; lastKnownFileType = text.plist.xml; path = Info.plist; sourceTree = "<group>"; };
/* End PBXFileReference section */

/* Begin PBXFrameworksBuildPhase section */
		3EA443A71C15C3E60059A489 /* Frameworks */ = {
			isa = PBXFrameworksBuildPhase;
			buildActionMask = 2147483647;
			files = (
			);
			runOnlyForDeploymentPostprocessing = 0;
		};
/* End PBXFrameworksBuildPhase section */

/* Begin PBXGroup section */
		3EA443A11C15C3E60059A489 = {
			isa = PBXGroup;
			children = (
				3EA443AC1C15C3E60059A489 /* UIStackViewSample */,
				3EA443AB1C15C3E60059A489 /* Products */,
			);
			sourceTree = "<group>";
		};
		3EA443AB1C15C3E60059A489 /* Products */ = {
			isa = PBXGroup;
			children = (
				3EA443AA1C15C3E60059A489 /* UIStackViewSample.app */,
			);
			name = Products;
			sourceTree = "<group>";
		};
		3EA443AC1C15C3E60059A489 /* UIStackViewSample */ = {
			isa = PBXGroup;
			children = (
				3EA443AD1C15C3E60059A489 /* AppDelegate.swift */,
				3EA443AF1C15C3E60059A489 /* ViewController.swift */,
				3EA443B11C15C3E60059A489 /* Main.storyboard */,
				3EA443B41C15C3E60059A489 /* Assets.xcassets */,
				3EA443B61C15C3E60059A489 /* LaunchScreen.storyboard */,
				3EA443B91C15C3E60059A489 /* Info.plist */,
			);
			path = UIStackViewSample;
			sourceTree = "<group>";
		};
/* End PBXGroup section */

/* Begin PBXNativeTarget section */
		3EA443A91C15C3E60059A489 /* UIStackViewSample */ = {
			isa = PBXNativeTarget;
			buildConfigurationList = 3EA443BC1C15C3E60059A489 /* Build configuration list for PBXNativeTarget "UIStackViewSample" */;
			buildPhases = (
				3EA443A61C15C3E60059A489 /* Sources */,
				3EA443A71C15C3E60059A489 /* Frameworks */,
				3EA443A81C15C3E60059A489 /* Resources */,
			);
			buildRules = (
			);
			dependencies = (
			);
			name = UIStackViewSample;
			productName = UIStackViewSample;
			productReference = 3EA443AA1C15C3E60059A489 /* UIStackViewSample.app */;
			productType = "com.apple.product-type.application";
		};
/* End PBXNativeTarget section */

/* Begin PBXProject section */
		3EA443A21C15C3E60059A489 /* Project object */ = {
			isa = PBXProject;
			attributes = {
				LastSwiftUpdateCheck = 0710;
				LastUpgradeCheck = 0710;
				ORGANIZATIONNAME = CrossBridge;
				TargetAttributes = {
					3EA443A91C15C3E60059A489 = {
						CreatedOnToolsVersion = 7.1.1;
					};
				};
			};
			buildConfigurationList = 3EA443A51C15C3E60059A489 /* Build configuration list for PBXProject "UIStackViewSample" */;
			compatibilityVersion = "Xcode 3.2";
			developmentRegion = English;
			hasScannedForEncodings = 0;
			knownRegions = (
				en,
				Base,
			);
			mainGroup = 3EA443A11C15C3E60059A489;
			productRefGroup = 3EA443AB1C15C3E60059A489 /* Products */;
			projectDirPath = "";
			projectRoot = "";
			targets = (
				3EA443A91C15C3E60059A489 /* UIStackViewSample */,
			);
		};
/* End PBXProject section */

/* Begin PBXResourcesBuildPhase section */
		3EA443A81C15C3E60059A489 /* Resources */ = {
			isa = PBXResourcesBuildPhase;
			buildActionMask = 2147483647;
			files = (
				3EA443B81C15C3E60059A489 /* LaunchScreen.storyboard in Resources */,
				3EA443B51C15C3E60059A489 /* Assets.xcassets in Resources */,
				3EA443B31C15C3E60059A489 /* Main.storyboard in Resources */,
			);
			runOnlyForDeploymentPostprocessing = 0;
		};
/* End PBXResourcesBuildPhase section */

/* Begin PBXSourcesBuildPhase section */
		3EA443A61C15C3E60059A489 /* Sources */ = {
			isa = PBXSourcesBuildPhase;
			buildActionMask = 2147483647;
			files = (
				3EA443B01C15C3E60059A489 /* ViewController.swift in Sources */,
				3EA443AE1C15C3E60059A489 /* AppDelegate.swift in Sources */,
			);
			runOnlyForDeploymentPostprocessing = 0;
		};
/* End PBXSourcesBuildPhase section */

/* Begin PBXVariantGroup section */
		3EA443B11C15C3E60059A489 /* Main.storyboard */ = {
			isa = PBXVariantGroup;
			children = (
				3EA443B21C15C3E60059A489 /* Base */,
			);
			name = Main.storyboard;
			sourceTree = "<group>";
		};
		3EA443B61C15C3E60059A489 /* LaunchScreen.storyboard */ = {
			isa = PBXVariantGroup;
			children = (
				3EA443B71C15C3E60059A489 /* Base */,
			);
			name = LaunchScreen.storyboard;
			sourceTree = "<group>";
		};
/* End PBXVariantGroup section */

/* Begin XCBuildConfiguration section */
		3EA443BA1C15C3E60059A489 /* Debug */ = {
			isa = XCBuildConfiguration;
			buildSettings = {
				ALWAYS_SEARCH_USER_PATHS = NO;
				CLANG_CXX_LANGUAGE_STANDARD = "gnu++0x";
				CLANG_CXX_LIBRARY = "libc++";
				CLANG_ENABLE_MODULES = YES;
				CLANG_ENABLE_OBJC_ARC = YES;
				CLANG_WARN_BOOL_CONVERSION = YES;
				CLANG_WARN_CONSTANT_CONVERSION = YES;
				CLANG_WARN_DIRECT_OBJC_ISA_USAGE = YES_ERROR;
				CLANG_WARN_EMPTY_BODY = YES;
				CLANG_WARN_ENUM_CONVERSION = YES;
				CLANG_WARN_INT_CONVERSION = YES;
				CLANG_WARN_OBJC_ROOT_CLASS = YES_ERROR;
				CLANG_WARN_UNREACHABLE_CODE = YES;
				CLANG_WARN__DUPLICATE_METHOD_MATCH = YES;
				"CODE_SIGN_IDENTITY[sdk=iphoneos*]" = "iPhone Developer";
				COPY_PHASE_STRIP = NO;
				DEBUG_INFORMATION_FORMAT = dwarf;
				ENABLE_STRICT_OBJC_MSGSEND = YES;
				ENABLE_TESTABILITY = YES;
				GCC_C_LANGUAGE_STANDARD = gnu99;
				GCC_DYNAMIC_NO_PIC = NO;
				GCC_NO_COMMON_BLOCKS = YES;
				GCC_OPTIMIZATION_LEVEL = 0;
				GCC_PREPROCESSOR_DEFINITIONS = (
					"DEBUG=1",
					"$(inherited)",
				);
				GCC_WARN_64_TO_32_BIT_CONVERSION = YES;
				GCC_WARN_ABOUT_RETURN_TYPE = YES_ERROR;
				GCC_WARN_UNDECLARED_SELECTOR = YES;
				GCC_WARN_UNINITIALIZED_AUTOS = YES_AGGRESSIVE;
				GCC_WARN_UNUSED_FUNCTION = YES;
				GCC_WARN_UNUSED_VARIABLE = YES;
				IPHONEOS_DEPLOYMENT_TARGET = 9.1;
				MTL_ENABLE_DEBUG_INFO = YES;
				ONLY_ACTIVE_ARCH = YES;
				SDKROOT = iphoneos;
				SWIFT_OPTIMIZATION_LEVEL = "-Onone";
				TARGETED_DEVICE_FAMILY = "1,2";
			};
			name = Debug;
		};
		3EA443BB1C15C3E60059A489 /* Release */ = {
			isa = XCBuildConfiguration;
			buildSettings = {
				ALWAYS_SEARCH_USER_PATHS = NO;
				CLANG_CXX_LANGUAGE_STANDARD = "gnu++0x";
				CLANG_CXX_LIBRARY = "libc++";
				CLANG_ENABLE_MODULES = YES;
				CLANG_ENABLE_OBJC_ARC = YES;
				CLANG_WARN_BOOL_CONVERSION = YES;
				CLANG_WARN_CONSTANT_CONVERSION = YES;
				CLANG_WARN_DIRECT_OBJC_ISA_USAGE = YES_ERROR;
				CLANG_WARN_EMPTY_BODY = YES;
				CLANG_WARN_ENUM_CONVERSION = YES;
				CLANG_WARN_INT_CONVERSION = YES;
				CLANG_WARN_OBJC_ROOT_CLASS = YES_ERROR;
				CLANG_WARN_UNREACHABLE_CODE = YES;
				CLANG_WARN__DUPLICATE_METHOD_MATCH = YES;
				"CODE_SIGN_IDENTITY[sdk=iphoneos*]" = "iPhone Developer";
				COPY_PHASE_STRIP = NO;
				DEBUG_INFORMATION_FORMAT = "dwarf-with-dsym";
				ENABLE_NS_ASSERTIONS = NO;
				ENABLE_STRICT_OBJC_MSGSEND = YES;
				GCC_C_LANGUAGE_STANDARD = gnu99;
				GCC_NO_COMMON_BLOCKS = YES;
				GCC_WARN_64_TO_32_BIT_CONVERSION = YES;
				GCC_WARN_ABOUT_RETURN_TYPE = YES_ERROR;
				GCC_WARN_UNDECLARED_SELECTOR = YES;
				GCC_WARN_UNINITIALIZED_AUTOS = YES_AGGRESSIVE;
				GCC_WARN_UNUSED_FUNCTION = YES;
				GCC_WARN_UNUSED_VARIABLE = YES;
				IPHONEOS_DEPLOYMENT_TARGET = 9.1;
				MTL_ENABLE_DEBUG_INFO = NO;
				SDKROOT = iphoneos;
				TARGETED_DEVICE_FAMILY = "1,2";
				VALIDATE_PRODUCT = YES;
			};
			name = Release;
		};
		3EA443BD1C15C3E60059A489 /* Debug */ = {
			isa = XCBuildConfiguration;
			buildSettings = {
				ASSETCATALOG_COMPILER_APPICON_NAME = AppIcon;
				INFOPLIST_FILE = UIStackViewSample/Info.plist;
				LD_RUNPATH_SEARCH_PATHS = "$(inherited) @executable_path/Frameworks";
				PRODUCT_BUNDLE_IDENTIFIER = biz.crossbridge.UIStackViewSample;
				PRODUCT_NAME = "$(TARGET_NAME)";
			};
			name = Debug;
		};
		3EA443BE1C15C3E60059A489 /* Release */ = {
			isa = XCBuildConfiguration;
			buildSettings = {
				ASSETCATALOG_COMPILER_APPICON_NAME = AppIcon;
				INFOPLIST_FILE = UIStackViewSample/Info.plist;
				LD_RUNPATH_SEARCH_PATHS = "$(inherited) @executable_path/Frameworks";
				PRODUCT_BUNDLE_IDENTIFIER = biz.crossbridge.UIStackViewSample;
				PRODUCT_NAME = "$(TARGET_NAME)";
			};
			name = Release;
		};
/* End XCBuildConfiguration section */

/* Begin XCConfigurationList section */
		3EA443A51C15C3E60059A489 /* Build configuration list for PBXProject "UIStackViewSample" */ = {
			isa = XCConfigurationList;
			buildConfigurations = (
				3EA443BA1C15C3E60059A489 /* Debug */,
				3EA443BB1C15C3E60059A489 /* Release */,
			);
			defaultConfigurationIsVisible = 0;
			defaultConfigurationName = Release;
		};
		3EA443BC1C15C3E60059A489 /* Build configuration list for PBXNativeTarget "UIStackViewSample" */ = {
			isa = XCConfigurationList;
			buildConfigurations = (
				3EA443BD1C15C3E60059A489 /* Debug */,
				3EA443BE1C15C3E60059A489 /* Release */,
			);
			defaultConfigurationIsVisible = 0;
		};
/* End XCConfigurationList section */
	};
	rootObject = 3EA443A21C15C3E60059A489 /* Project object */;
}
